{
  "nodes": {
    "nixpkgs": {
      "locked": {
        "lastModified": 1622081941,
        "narHash": "sha256-YEr7BK5lhWPdfjbG6PKBkTSKLVo3+FUmfrpi6fhFRZE=",
        "path": "/nix/store/sbhan00bw6zv83znb848sj050dya0crn-source",
        "rev": "058b981b5bd8dc63ffcd1483e16cf3176543ea63",
        "type": "path"
      },
      "original": {
        "id": "nixpkgs",
        "type": "indirect"
      }
    },
    "root": {
      "inputs": {
        "nixpkgs": "nixpkgs",
        "utils": "utils"
      }
    },
    "utils": {
      "locked": {
        "lastModified": 1614513358,
        "narHash": "sha256-LakhOx3S1dRjnh0b5Dg3mbZyH0ToC9I8Y2wKSkBaTzU=",
        "owner": "numtide",
        "repo": "flake-utils",
        "rev": "5466c5bbece17adaab2d82fae80b46e807611bf3",
        "type": "github"
      },
      "original": {
        "owner": "numtide",
        "repo": "flake-utils",
        "type": "github"
      }
    }
  },
  "root": "root",
  "version": 7
}
